
Microsoft Visual Studio Solution File, Format Version 12.00
# Visual Studio 15
VisualStudioVersion = 15.0.28307.645
MinimumVisualStudioVersion = 10.0.40219.1
Project("{FAE04EC0-301F-11D3-BF4B-00C04F79EFBC}") = "RPP", "RPP\RPP.csproj", "{420D6D11-6357-4099-ABB5-8B5A902A28B4}"
EndProject
Project("{FAE04EC0-301F-11D3-BF4B-00C04F79EFBC}") = "Entidades", "Entidades\Entidades.csproj", "{DFCD868A-6FB2-4840-AA35-D5CC453F5B49}"
EndProject
Global
	GlobalSection(SolutionConfigurationPlatforms) = preSolution
		Debug|Any CPU = Debug|Any CPU
		Release|Any CPU = Release|Any CPU
	EndGlobalSection
	GlobalSection(ProjectConfigurationPlatforms) = postSolution
		{420D6D11-6357-4099-ABB5-8B5A902A28B4}.Debug|Any CPU.ActiveCfg = Debug|Any CPU
		{420D6D11-6357-4099-ABB5-8B5A902A28B4}.Debug|Any CPU.Build.0 = Debug|Any CPU
		{420D6D11-6357-4099-ABB5-8B5A902A28B4}.Release|Any CPU.ActiveCfg = Release|Any CPU
		{420D6D11-6357-4099-ABB5-8B5A902A28B4}.Release|Any CPU.Build.0 = Release|Any CPU
		{DFCD868A-6FB2-4840-AA35-D5CC453F5B49}.Debug|Any CPU.ActiveCfg = Debug|Any CPU
		{DFCD868A-6FB2-4840-AA35-D5CC453F5B49}.Debug|Any CPU.Build.0 = Debug|Any CPU
		{DFCD868A-6FB2-4840-AA35-D5CC453F5B49}.Release|Any CPU.ActiveCfg = Release|Any CPU
		{DFCD868A-6FB2-4840-AA35-D5CC453F5B49}.Release|Any CPU.Build.0 = Release|Any CPU
	EndGlobalSection
	GlobalSection(SolutionProperties) = preSolution
		HideSolutionNode = FALSE
	EndGlobalSection
	GlobalSection(ExtensibilityGlobals) = postSolution
		SolutionGuid = {A78C2671-BD39-4E5D-9DDB-19795937B387}
	EndGlobalSection
EndGlobal
