
Microsoft Visual Studio Solution File, Format Version 12.00
# Visual Studio Version 16
VisualStudioVersion = 16.0.30011.22
MinimumVisualStudioVersion = 10.0.40219.1
Project("{FAE04EC0-301F-11D3-BF4B-00C04F79EFBC}") = "Clase 34", "Clase 34\Clase 34.csproj", "{90E0A638-0A6D-4C04-B465-0A1829573608}"
EndProject
Project("{FAE04EC0-301F-11D3-BF4B-00C04F79EFBC}") = "Clase 35", "Clase 35\Clase 35.csproj", "{276B2229-BBC0-4308-8EC6-84FA50D19F16}"
EndProject
Project("{FAE04EC0-301F-11D3-BF4B-00C04F79EFBC}") = "Clase 36", "Clase 36\Clase 36.csproj", "{3B5C0C76-595C-40C5-82D0-4566B0511A95}"
EndProject
Project("{FAE04EC0-301F-11D3-BF4B-00C04F79EFBC}") = "Clase 37", "Clase 37\Clase 37.csproj", "{B06A1AF4-D759-4A64-A897-F6CC26B1E45D}"
EndProject
Project("{FAE04EC0-301F-11D3-BF4B-00C04F79EFBC}") = "Ejercicio 37", "Ejercicio 37\Ejercicio 37.csproj", "{C256D238-152E-4E89-AF32-0AA6209B592E}"
EndProject
Project("{FAE04EC0-301F-11D3-BF4B-00C04F79EFBC}") = "Ejercicio 36", "Ejercicio 36\Ejercicio 36.csproj", "{063FDA3A-95FF-4AA6-AF94-1579440E423E}"
EndProject
Global
	GlobalSection(SolutionConfigurationPlatforms) = preSolution
		Debug|Any CPU = Debug|Any CPU
		Release|Any CPU = Release|Any CPU
	EndGlobalSection
	GlobalSection(ProjectConfigurationPlatforms) = postSolution
		{90E0A638-0A6D-4C04-B465-0A1829573608}.Debug|Any CPU.ActiveCfg = Debug|Any CPU
		{90E0A638-0A6D-4C04-B465-0A1829573608}.Debug|Any CPU.Build.0 = Debug|Any CPU
		{90E0A638-0A6D-4C04-B465-0A1829573608}.Release|Any CPU.ActiveCfg = Release|Any CPU
		{90E0A638-0A6D-4C04-B465-0A1829573608}.Release|Any CPU.Build.0 = Release|Any CPU
		{276B2229-BBC0-4308-8EC6-84FA50D19F16}.Debug|Any CPU.ActiveCfg = Debug|Any CPU
		{276B2229-BBC0-4308-8EC6-84FA50D19F16}.Debug|Any CPU.Build.0 = Debug|Any CPU
		{276B2229-BBC0-4308-8EC6-84FA50D19F16}.Release|Any CPU.ActiveCfg = Release|Any CPU
		{276B2229-BBC0-4308-8EC6-84FA50D19F16}.Release|Any CPU.Build.0 = Release|Any CPU
		{3B5C0C76-595C-40C5-82D0-4566B0511A95}.Debug|Any CPU.ActiveCfg = Debug|Any CPU
		{3B5C0C76-595C-40C5-82D0-4566B0511A95}.Debug|Any CPU.Build.0 = Debug|Any CPU
		{3B5C0C76-595C-40C5-82D0-4566B0511A95}.Release|Any CPU.ActiveCfg = Release|Any CPU
		{3B5C0C76-595C-40C5-82D0-4566B0511A95}.Release|Any CPU.Build.0 = Release|Any CPU
		{B06A1AF4-D759-4A64-A897-F6CC26B1E45D}.Debug|Any CPU.ActiveCfg = Debug|Any CPU
		{B06A1AF4-D759-4A64-A897-F6CC26B1E45D}.Debug|Any CPU.Build.0 = Debug|Any CPU
		{B06A1AF4-D759-4A64-A897-F6CC26B1E45D}.Release|Any CPU.ActiveCfg = Release|Any CPU
		{B06A1AF4-D759-4A64-A897-F6CC26B1E45D}.Release|Any CPU.Build.0 = Release|Any CPU
		{C256D238-152E-4E89-AF32-0AA6209B592E}.Debug|Any CPU.ActiveCfg = Debug|Any CPU
		{C256D238-152E-4E89-AF32-0AA6209B592E}.Debug|Any CPU.Build.0 = Debug|Any CPU
		{C256D238-152E-4E89-AF32-0AA6209B592E}.Release|Any CPU.ActiveCfg = Release|Any CPU
		{C256D238-152E-4E89-AF32-0AA6209B592E}.Release|Any CPU.Build.0 = Release|Any CPU
		{063FDA3A-95FF-4AA6-AF94-1579440E423E}.Debug|Any CPU.ActiveCfg = Debug|Any CPU
		{063FDA3A-95FF-4AA6-AF94-1579440E423E}.Debug|Any CPU.Build.0 = Debug|Any CPU
		{063FDA3A-95FF-4AA6-AF94-1579440E423E}.Release|Any CPU.ActiveCfg = Release|Any CPU
		{063FDA3A-95FF-4AA6-AF94-1579440E423E}.Release|Any CPU.Build.0 = Release|Any CPU
	EndGlobalSection
	GlobalSection(SolutionProperties) = preSolution
		HideSolutionNode = FALSE
	EndGlobalSection
	GlobalSection(ExtensibilityGlobals) = postSolution
		SolutionGuid = {2C18EB24-F2B8-4977-AB5E-FC8FFEC66F88}
	EndGlobalSection
EndGlobal
