
Microsoft Visual Studio Solution File, Format Version 12.00
# Visual Studio 15
VisualStudioVersion = 15.0.28307.572
MinimumVisualStudioVersion = 10.0.40219.1
Project("{FAE04EC0-301F-11D3-BF4B-00C04F79EFBC}") = "MiLavadero", "MiLavadero\MiLavadero.csproj", "{70FC843B-F48C-45F5-8BFF-99697945C328}"
EndProject
Project("{FAE04EC0-301F-11D3-BF4B-00C04F79EFBC}") = "Vehiculos", "Vehiculos\Vehiculos.csproj", "{A1A3055A-4766-427E-AE08-371CE2B98055}"
EndProject
Project("{FAE04EC0-301F-11D3-BF4B-00C04F79EFBC}") = "Consola", "Consola\Consola.csproj", "{340F3EB8-D410-45FB-83C3-1820B8E11BF4}"
EndProject
Global
	GlobalSection(SolutionConfigurationPlatforms) = preSolution
		Debug|Any CPU = Debug|Any CPU
		Release|Any CPU = Release|Any CPU
	EndGlobalSection
	GlobalSection(ProjectConfigurationPlatforms) = postSolution
		{70FC843B-F48C-45F5-8BFF-99697945C328}.Debug|Any CPU.ActiveCfg = Debug|Any CPU
		{70FC843B-F48C-45F5-8BFF-99697945C328}.Debug|Any CPU.Build.0 = Debug|Any CPU
		{70FC843B-F48C-45F5-8BFF-99697945C328}.Release|Any CPU.ActiveCfg = Release|Any CPU
		{70FC843B-F48C-45F5-8BFF-99697945C328}.Release|Any CPU.Build.0 = Release|Any CPU
		{A1A3055A-4766-427E-AE08-371CE2B98055}.Debug|Any CPU.ActiveCfg = Debug|Any CPU
		{A1A3055A-4766-427E-AE08-371CE2B98055}.Debug|Any CPU.Build.0 = Debug|Any CPU
		{A1A3055A-4766-427E-AE08-371CE2B98055}.Release|Any CPU.ActiveCfg = Release|Any CPU
		{A1A3055A-4766-427E-AE08-371CE2B98055}.Release|Any CPU.Build.0 = Release|Any CPU
		{340F3EB8-D410-45FB-83C3-1820B8E11BF4}.Debug|Any CPU.ActiveCfg = Debug|Any CPU
		{340F3EB8-D410-45FB-83C3-1820B8E11BF4}.Debug|Any CPU.Build.0 = Debug|Any CPU
		{340F3EB8-D410-45FB-83C3-1820B8E11BF4}.Release|Any CPU.ActiveCfg = Release|Any CPU
		{340F3EB8-D410-45FB-83C3-1820B8E11BF4}.Release|Any CPU.Build.0 = Release|Any CPU
	EndGlobalSection
	GlobalSection(SolutionProperties) = preSolution
		HideSolutionNode = FALSE
	EndGlobalSection
	GlobalSection(ExtensibilityGlobals) = postSolution
		SolutionGuid = {6269BBE7-F2E5-4533-9FA1-900CB26B96A6}
	EndGlobalSection
EndGlobal
