
Microsoft Visual Studio Solution File, Format Version 12.00
# Visual Studio Version 16
VisualStudioVersion = 16.0.30011.22
MinimumVisualStudioVersion = 10.0.40219.1
Project("{FAE04EC0-301F-11D3-BF4B-00C04F79EFBC}") = "Ejercicio 31", "Ejercicio 31\Ejercicio 31.csproj", "{DC30DA46-E809-4FDB-AE21-07AEC6750FD0}"
EndProject
Project("{FAE04EC0-301F-11D3-BF4B-00C04F79EFBC}") = "Clase 31", "Clase 31\Clase 31.csproj", "{21DAD19F-7401-4930-89A9-167BE5FD7682}"
EndProject
Global
	GlobalSection(SolutionConfigurationPlatforms) = preSolution
		Debug|Any CPU = Debug|Any CPU
		Release|Any CPU = Release|Any CPU
	EndGlobalSection
	GlobalSection(ProjectConfigurationPlatforms) = postSolution
		{DC30DA46-E809-4FDB-AE21-07AEC6750FD0}.Debug|Any CPU.ActiveCfg = Debug|Any CPU
		{DC30DA46-E809-4FDB-AE21-07AEC6750FD0}.Debug|Any CPU.Build.0 = Debug|Any CPU
		{DC30DA46-E809-4FDB-AE21-07AEC6750FD0}.Release|Any CPU.ActiveCfg = Release|Any CPU
		{DC30DA46-E809-4FDB-AE21-07AEC6750FD0}.Release|Any CPU.Build.0 = Release|Any CPU
		{21DAD19F-7401-4930-89A9-167BE5FD7682}.Debug|Any CPU.ActiveCfg = Debug|Any CPU
		{21DAD19F-7401-4930-89A9-167BE5FD7682}.Debug|Any CPU.Build.0 = Debug|Any CPU
		{21DAD19F-7401-4930-89A9-167BE5FD7682}.Release|Any CPU.ActiveCfg = Release|Any CPU
		{21DAD19F-7401-4930-89A9-167BE5FD7682}.Release|Any CPU.Build.0 = Release|Any CPU
	EndGlobalSection
	GlobalSection(SolutionProperties) = preSolution
		HideSolutionNode = FALSE
	EndGlobalSection
	GlobalSection(ExtensibilityGlobals) = postSolution
		SolutionGuid = {7EAD0152-9980-4B06-BF1E-EB3274747814}
	EndGlobalSection
EndGlobal
