
Microsoft Visual Studio Solution File, Format Version 12.00
# Visual Studio 15
VisualStudioVersion = 15.0.28307.329
MinimumVisualStudioVersion = 10.0.40219.1
Project("{FAE04EC0-301F-11D3-BF4B-00C04F79EFBC}") = "Clase04.Test", "Clase04.Test.csproj", "{B9126E88-7F1D-45FA-8B25-93ABB22F3F33}"
EndProject
Global
	GlobalSection(SolutionConfigurationPlatforms) = preSolution
		Debug|Any CPU = Debug|Any CPU
		Release|Any CPU = Release|Any CPU
	EndGlobalSection
	GlobalSection(ProjectConfigurationPlatforms) = postSolution
		{B9126E88-7F1D-45FA-8B25-93ABB22F3F33}.Debug|Any CPU.ActiveCfg = Debug|Any CPU
		{B9126E88-7F1D-45FA-8B25-93ABB22F3F33}.Debug|Any CPU.Build.0 = Debug|Any CPU
		{B9126E88-7F1D-45FA-8B25-93ABB22F3F33}.Release|Any CPU.ActiveCfg = Release|Any CPU
		{B9126E88-7F1D-45FA-8B25-93ABB22F3F33}.Release|Any CPU.Build.0 = Release|Any CPU
	EndGlobalSection
	GlobalSection(SolutionProperties) = preSolution
		HideSolutionNode = FALSE
	EndGlobalSection
	GlobalSection(ExtensibilityGlobals) = postSolution
		SolutionGuid = {0BE60EBF-8E17-48C9-A19B-6D105970DFB6}
	EndGlobalSection
EndGlobal
