
Microsoft Visual Studio Solution File, Format Version 12.00
# Visual Studio 15
VisualStudioVersion = 15.0.28307.645
MinimumVisualStudioVersion = 10.0.40219.1
Project("{FAE04EC0-301F-11D3-BF4B-00C04F79EFBC}") = "Ejercicio 19", "Ejercicio 19\Ejercicio 19.csproj", "{76B14F9F-1F96-4238-8016-6064360827E6}"
EndProject
Project("{FAE04EC0-301F-11D3-BF4B-00C04F79EFBC}") = "Clase 19", "Clase 19\Clase 19.csproj", "{2FC7E3ED-F86F-4547-9E3D-DC50A43B9E5F}"
EndProject
Project("{FAE04EC0-301F-11D3-BF4B-00C04F79EFBC}") = "Ejercicio 20", "Ejercicio 20\Ejercicio 20.csproj", "{3F070354-9902-485E-AAED-123C346302D2}"
EndProject
Project("{FAE04EC0-301F-11D3-BF4B-00C04F79EFBC}") = "Clase 20", "Clase 20\Clase 20.csproj", "{BF74D6E4-8D73-4854-A2A2-F480BE4B5DAC}"
EndProject
Global
	GlobalSection(SolutionConfigurationPlatforms) = preSolution
		Debug|Any CPU = Debug|Any CPU
		Release|Any CPU = Release|Any CPU
	EndGlobalSection
	GlobalSection(ProjectConfigurationPlatforms) = postSolution
		{76B14F9F-1F96-4238-8016-6064360827E6}.Debug|Any CPU.ActiveCfg = Debug|Any CPU
		{76B14F9F-1F96-4238-8016-6064360827E6}.Debug|Any CPU.Build.0 = Debug|Any CPU
		{76B14F9F-1F96-4238-8016-6064360827E6}.Release|Any CPU.ActiveCfg = Release|Any CPU
		{76B14F9F-1F96-4238-8016-6064360827E6}.Release|Any CPU.Build.0 = Release|Any CPU
		{2FC7E3ED-F86F-4547-9E3D-DC50A43B9E5F}.Debug|Any CPU.ActiveCfg = Debug|Any CPU
		{2FC7E3ED-F86F-4547-9E3D-DC50A43B9E5F}.Debug|Any CPU.Build.0 = Debug|Any CPU
		{2FC7E3ED-F86F-4547-9E3D-DC50A43B9E5F}.Release|Any CPU.ActiveCfg = Release|Any CPU
		{2FC7E3ED-F86F-4547-9E3D-DC50A43B9E5F}.Release|Any CPU.Build.0 = Release|Any CPU
		{3F070354-9902-485E-AAED-123C346302D2}.Debug|Any CPU.ActiveCfg = Debug|Any CPU
		{3F070354-9902-485E-AAED-123C346302D2}.Debug|Any CPU.Build.0 = Debug|Any CPU
		{3F070354-9902-485E-AAED-123C346302D2}.Release|Any CPU.ActiveCfg = Release|Any CPU
		{3F070354-9902-485E-AAED-123C346302D2}.Release|Any CPU.Build.0 = Release|Any CPU
		{BF74D6E4-8D73-4854-A2A2-F480BE4B5DAC}.Debug|Any CPU.ActiveCfg = Debug|Any CPU
		{BF74D6E4-8D73-4854-A2A2-F480BE4B5DAC}.Debug|Any CPU.Build.0 = Debug|Any CPU
		{BF74D6E4-8D73-4854-A2A2-F480BE4B5DAC}.Release|Any CPU.ActiveCfg = Release|Any CPU
		{BF74D6E4-8D73-4854-A2A2-F480BE4B5DAC}.Release|Any CPU.Build.0 = Release|Any CPU
	EndGlobalSection
	GlobalSection(SolutionProperties) = preSolution
		HideSolutionNode = FALSE
	EndGlobalSection
	GlobalSection(ExtensibilityGlobals) = postSolution
		SolutionGuid = {D07713BC-A235-49F2-9338-FC6FED2DB679}
	EndGlobalSection
EndGlobal
