
Microsoft Visual Studio Solution File, Format Version 12.00
# Visual Studio 15
VisualStudioVersion = 15.0.27703.2047
MinimumVisualStudioVersion = 10.0.40219.1
Project("{FAE04EC0-301F-11D3-BF4B-00C04F79EFBC}") = "RPP", "RPP\RPP.csproj", "{19B54CA0-2D2B-4796-AF25-7ABA9C2D848C}"
EndProject
Project("{FAE04EC0-301F-11D3-BF4B-00C04F79EFBC}") = "Sender", "Sender\Sender.csproj", "{DA9A51AB-8800-4D7A-875E-C1D2E1EA54A9}"
EndProject
Project("{FAE04EC0-301F-11D3-BF4B-00C04F79EFBC}") = "Entidades", "Entidades\Entidades.csproj", "{09B570F9-124C-48C7-8723-BD08B294ACE4}"
EndProject
Global
	GlobalSection(SolutionConfigurationPlatforms) = preSolution
		Debug|Any CPU = Debug|Any CPU
		Release|Any CPU = Release|Any CPU
	EndGlobalSection
	GlobalSection(ProjectConfigurationPlatforms) = postSolution
		{19B54CA0-2D2B-4796-AF25-7ABA9C2D848C}.Debug|Any CPU.ActiveCfg = Debug|Any CPU
		{19B54CA0-2D2B-4796-AF25-7ABA9C2D848C}.Debug|Any CPU.Build.0 = Debug|Any CPU
		{19B54CA0-2D2B-4796-AF25-7ABA9C2D848C}.Release|Any CPU.ActiveCfg = Release|Any CPU
		{19B54CA0-2D2B-4796-AF25-7ABA9C2D848C}.Release|Any CPU.Build.0 = Release|Any CPU
		{DA9A51AB-8800-4D7A-875E-C1D2E1EA54A9}.Debug|Any CPU.ActiveCfg = Debug|Any CPU
		{DA9A51AB-8800-4D7A-875E-C1D2E1EA54A9}.Debug|Any CPU.Build.0 = Debug|Any CPU
		{DA9A51AB-8800-4D7A-875E-C1D2E1EA54A9}.Release|Any CPU.ActiveCfg = Release|Any CPU
		{DA9A51AB-8800-4D7A-875E-C1D2E1EA54A9}.Release|Any CPU.Build.0 = Release|Any CPU
		{09B570F9-124C-48C7-8723-BD08B294ACE4}.Debug|Any CPU.ActiveCfg = Debug|Any CPU
		{09B570F9-124C-48C7-8723-BD08B294ACE4}.Debug|Any CPU.Build.0 = Debug|Any CPU
		{09B570F9-124C-48C7-8723-BD08B294ACE4}.Release|Any CPU.ActiveCfg = Release|Any CPU
		{09B570F9-124C-48C7-8723-BD08B294ACE4}.Release|Any CPU.Build.0 = Release|Any CPU
	EndGlobalSection
	GlobalSection(SolutionProperties) = preSolution
		HideSolutionNode = FALSE
	EndGlobalSection
	GlobalSection(ExtensibilityGlobals) = postSolution
		SolutionGuid = {41F91381-9987-497B-A83B-67CF899B14B0}
	EndGlobalSection
EndGlobal
