
Microsoft Visual Studio Solution File, Format Version 12.00
# Visual Studio 15
VisualStudioVersion = 15.0.27703.2047
MinimumVisualStudioVersion = 10.0.40219.1
Project("{FAE04EC0-301F-11D3-BF4B-00C04F79EFBC}") = "Entidades", "Entidades\Entidades.csproj", "{039724E9-3650-4793-BD6D-56F658B821BC}"
EndProject
Project("{FAE04EC0-301F-11D3-BF4B-00C04F79EFBC}") = "Proyecto", "Proyecto\Proyecto.csproj", "{08F6FCA5-7A67-4C38-A17C-EC8BD3D72304}"
EndProject
Global
	GlobalSection(SolutionConfigurationPlatforms) = preSolution
		Debug|Any CPU = Debug|Any CPU
		Release|Any CPU = Release|Any CPU
	EndGlobalSection
	GlobalSection(ProjectConfigurationPlatforms) = postSolution
		{039724E9-3650-4793-BD6D-56F658B821BC}.Debug|Any CPU.ActiveCfg = Debug|Any CPU
		{039724E9-3650-4793-BD6D-56F658B821BC}.Debug|Any CPU.Build.0 = Debug|Any CPU
		{039724E9-3650-4793-BD6D-56F658B821BC}.Release|Any CPU.ActiveCfg = Release|Any CPU
		{039724E9-3650-4793-BD6D-56F658B821BC}.Release|Any CPU.Build.0 = Release|Any CPU
		{08F6FCA5-7A67-4C38-A17C-EC8BD3D72304}.Debug|Any CPU.ActiveCfg = Debug|Any CPU
		{08F6FCA5-7A67-4C38-A17C-EC8BD3D72304}.Debug|Any CPU.Build.0 = Debug|Any CPU
		{08F6FCA5-7A67-4C38-A17C-EC8BD3D72304}.Release|Any CPU.ActiveCfg = Release|Any CPU
		{08F6FCA5-7A67-4C38-A17C-EC8BD3D72304}.Release|Any CPU.Build.0 = Release|Any CPU
	EndGlobalSection
	GlobalSection(SolutionProperties) = preSolution
		HideSolutionNode = FALSE
	EndGlobalSection
	GlobalSection(ExtensibilityGlobals) = postSolution
		SolutionGuid = {214C4453-D63E-4433-9919-76350CC8D3B4}
	EndGlobalSection
EndGlobal
