
Microsoft Visual Studio Solution File, Format Version 12.00
# Visual Studio 15
VisualStudioVersion = 15.0.28307.779
MinimumVisualStudioVersion = 10.0.40219.1
Project("{FAE04EC0-301F-11D3-BF4B-00C04F79EFBC}") = "Entidades", "Entidades\Entidades.csproj", "{1DD03565-8E31-4B4B-A0B9-1EFE26606006}"
EndProject
Project("{FAE04EC0-301F-11D3-BF4B-00C04F79EFBC}") = "Carrera", "Carrera\Carrera.csproj", "{22AA42AA-C2FC-446B-8C41-98872C27960C}"
EndProject
Global
	GlobalSection(SolutionConfigurationPlatforms) = preSolution
		Debug|Any CPU = Debug|Any CPU
		Release|Any CPU = Release|Any CPU
	EndGlobalSection
	GlobalSection(ProjectConfigurationPlatforms) = postSolution
		{1DD03565-8E31-4B4B-A0B9-1EFE26606006}.Debug|Any CPU.ActiveCfg = Debug|Any CPU
		{1DD03565-8E31-4B4B-A0B9-1EFE26606006}.Debug|Any CPU.Build.0 = Debug|Any CPU
		{1DD03565-8E31-4B4B-A0B9-1EFE26606006}.Release|Any CPU.ActiveCfg = Release|Any CPU
		{1DD03565-8E31-4B4B-A0B9-1EFE26606006}.Release|Any CPU.Build.0 = Release|Any CPU
		{22AA42AA-C2FC-446B-8C41-98872C27960C}.Debug|Any CPU.ActiveCfg = Debug|Any CPU
		{22AA42AA-C2FC-446B-8C41-98872C27960C}.Debug|Any CPU.Build.0 = Debug|Any CPU
		{22AA42AA-C2FC-446B-8C41-98872C27960C}.Release|Any CPU.ActiveCfg = Release|Any CPU
		{22AA42AA-C2FC-446B-8C41-98872C27960C}.Release|Any CPU.Build.0 = Release|Any CPU
	EndGlobalSection
	GlobalSection(SolutionProperties) = preSolution
		HideSolutionNode = FALSE
	EndGlobalSection
	GlobalSection(ExtensibilityGlobals) = postSolution
		SolutionGuid = {94EC792F-9728-41DE-86A5-ACE62FCDE8C2}
	EndGlobalSection
EndGlobal
