
Microsoft Visual Studio Solution File, Format Version 12.00
# Visual Studio 15
VisualStudioVersion = 15.0.28307.852
MinimumVisualStudioVersion = 10.0.40219.1
Project("{FAE04EC0-301F-11D3-BF4B-00C04F79EFBC}") = "Entidades", "Entidades\Entidades.csproj", "{28DDBEB5-E3D0-4980-9115-3F1A1CF22B28}"
EndProject
Project("{FAE04EC0-301F-11D3-BF4B-00C04F79EFBC}") = "Test", "Test\Test.csproj", "{5FA60A55-E81D-4718-A884-1271E1310FBB}"
EndProject
Global
	GlobalSection(SolutionConfigurationPlatforms) = preSolution
		Debug|Any CPU = Debug|Any CPU
		Release|Any CPU = Release|Any CPU
	EndGlobalSection
	GlobalSection(ProjectConfigurationPlatforms) = postSolution
		{28DDBEB5-E3D0-4980-9115-3F1A1CF22B28}.Debug|Any CPU.ActiveCfg = Debug|Any CPU
		{28DDBEB5-E3D0-4980-9115-3F1A1CF22B28}.Debug|Any CPU.Build.0 = Debug|Any CPU
		{28DDBEB5-E3D0-4980-9115-3F1A1CF22B28}.Release|Any CPU.ActiveCfg = Release|Any CPU
		{28DDBEB5-E3D0-4980-9115-3F1A1CF22B28}.Release|Any CPU.Build.0 = Release|Any CPU
		{5FA60A55-E81D-4718-A884-1271E1310FBB}.Debug|Any CPU.ActiveCfg = Debug|Any CPU
		{5FA60A55-E81D-4718-A884-1271E1310FBB}.Debug|Any CPU.Build.0 = Debug|Any CPU
		{5FA60A55-E81D-4718-A884-1271E1310FBB}.Release|Any CPU.ActiveCfg = Release|Any CPU
		{5FA60A55-E81D-4718-A884-1271E1310FBB}.Release|Any CPU.Build.0 = Release|Any CPU
	EndGlobalSection
	GlobalSection(SolutionProperties) = preSolution
		HideSolutionNode = FALSE
	EndGlobalSection
	GlobalSection(ExtensibilityGlobals) = postSolution
		SolutionGuid = {A571B85D-D8C2-4F87-8AC9-5469BB4FACC0}
	EndGlobalSection
EndGlobal
