
Microsoft Visual Studio Solution File, Format Version 12.00
# Visual Studio 15
VisualStudioVersion = 15.0.27703.2047
MinimumVisualStudioVersion = 10.0.40219.1
Project("{FAE04EC0-301F-11D3-BF4B-00C04F79EFBC}") = "Entidades", "Entidades\Entidades.csproj", "{B2385F0D-92DF-4442-A4BF-C9F8C5D4B0D6}"
EndProject
Project("{FAE04EC0-301F-11D3-BF4B-00C04F79EFBC}") = "PruebaClase", "PruebaClase\PruebaClase.csproj", "{6288F6A8-DC60-483E-9559-7F8890873B35}"
EndProject
Project("{FAE04EC0-301F-11D3-BF4B-00C04F79EFBC}") = "EntidadesDos", "EntidadesDos\EntidadesDos.csproj", "{2B808B3B-E9B1-4B2D-9F3D-9031546424B9}"
EndProject
Project("{FAE04EC0-301F-11D3-BF4B-00C04F79EFBC}") = "ClaseGenerica", "ClaseGenerica\ClaseGenerica.csproj", "{08084A8C-E9AF-477C-987B-5B3F193FA670}"
EndProject
Global
	GlobalSection(SolutionConfigurationPlatforms) = preSolution
		Debug|Any CPU = Debug|Any CPU
		Release|Any CPU = Release|Any CPU
	EndGlobalSection
	GlobalSection(ProjectConfigurationPlatforms) = postSolution
		{B2385F0D-92DF-4442-A4BF-C9F8C5D4B0D6}.Debug|Any CPU.ActiveCfg = Debug|Any CPU
		{B2385F0D-92DF-4442-A4BF-C9F8C5D4B0D6}.Debug|Any CPU.Build.0 = Debug|Any CPU
		{B2385F0D-92DF-4442-A4BF-C9F8C5D4B0D6}.Release|Any CPU.ActiveCfg = Release|Any CPU
		{B2385F0D-92DF-4442-A4BF-C9F8C5D4B0D6}.Release|Any CPU.Build.0 = Release|Any CPU
		{6288F6A8-DC60-483E-9559-7F8890873B35}.Debug|Any CPU.ActiveCfg = Debug|Any CPU
		{6288F6A8-DC60-483E-9559-7F8890873B35}.Debug|Any CPU.Build.0 = Debug|Any CPU
		{6288F6A8-DC60-483E-9559-7F8890873B35}.Release|Any CPU.ActiveCfg = Release|Any CPU
		{6288F6A8-DC60-483E-9559-7F8890873B35}.Release|Any CPU.Build.0 = Release|Any CPU
		{2B808B3B-E9B1-4B2D-9F3D-9031546424B9}.Debug|Any CPU.ActiveCfg = Debug|Any CPU
		{2B808B3B-E9B1-4B2D-9F3D-9031546424B9}.Debug|Any CPU.Build.0 = Debug|Any CPU
		{2B808B3B-E9B1-4B2D-9F3D-9031546424B9}.Release|Any CPU.ActiveCfg = Release|Any CPU
		{2B808B3B-E9B1-4B2D-9F3D-9031546424B9}.Release|Any CPU.Build.0 = Release|Any CPU
		{08084A8C-E9AF-477C-987B-5B3F193FA670}.Debug|Any CPU.ActiveCfg = Debug|Any CPU
		{08084A8C-E9AF-477C-987B-5B3F193FA670}.Debug|Any CPU.Build.0 = Debug|Any CPU
		{08084A8C-E9AF-477C-987B-5B3F193FA670}.Release|Any CPU.ActiveCfg = Release|Any CPU
		{08084A8C-E9AF-477C-987B-5B3F193FA670}.Release|Any CPU.Build.0 = Release|Any CPU
	EndGlobalSection
	GlobalSection(SolutionProperties) = preSolution
		HideSolutionNode = FALSE
	EndGlobalSection
	GlobalSection(ExtensibilityGlobals) = postSolution
		SolutionGuid = {473D312E-4FDD-4F41-9037-60ADEBF3C570}
	EndGlobalSection
EndGlobal
