
Microsoft Visual Studio Solution File, Format Version 12.00
# Visual Studio Version 16
VisualStudioVersion = 16.0.30104.148
MinimumVisualStudioVersion = 10.0.40219.1
Project("{FAE04EC0-301F-11D3-BF4B-00C04F79EFBC}") = "Entidades", "Entidades\Entidades.csproj", "{38B982E9-95FC-40C0-8C65-CA47301C4F4D}"
EndProject
Project("{FAE04EC0-301F-11D3-BF4B-00C04F79EFBC}") = "TP 3", "TP 3\TP 3.csproj", "{09A21FDF-9E3D-43D7-8DDC-EA256950B53E}"
EndProject
Global
	GlobalSection(SolutionConfigurationPlatforms) = preSolution
		Debug|Any CPU = Debug|Any CPU
		Release|Any CPU = Release|Any CPU
	EndGlobalSection
	GlobalSection(ProjectConfigurationPlatforms) = postSolution
		{38B982E9-95FC-40C0-8C65-CA47301C4F4D}.Debug|Any CPU.ActiveCfg = Debug|Any CPU
		{38B982E9-95FC-40C0-8C65-CA47301C4F4D}.Debug|Any CPU.Build.0 = Debug|Any CPU
		{38B982E9-95FC-40C0-8C65-CA47301C4F4D}.Release|Any CPU.ActiveCfg = Release|Any CPU
		{38B982E9-95FC-40C0-8C65-CA47301C4F4D}.Release|Any CPU.Build.0 = Release|Any CPU
		{09A21FDF-9E3D-43D7-8DDC-EA256950B53E}.Debug|Any CPU.ActiveCfg = Debug|Any CPU
		{09A21FDF-9E3D-43D7-8DDC-EA256950B53E}.Debug|Any CPU.Build.0 = Debug|Any CPU
		{09A21FDF-9E3D-43D7-8DDC-EA256950B53E}.Release|Any CPU.ActiveCfg = Release|Any CPU
		{09A21FDF-9E3D-43D7-8DDC-EA256950B53E}.Release|Any CPU.Build.0 = Release|Any CPU
	EndGlobalSection
	GlobalSection(SolutionProperties) = preSolution
		HideSolutionNode = FALSE
	EndGlobalSection
	GlobalSection(ExtensibilityGlobals) = postSolution
		SolutionGuid = {B94E68B6-F29E-42BD-969C-AA763B8EBAAC}
	EndGlobalSection
EndGlobal
