
Microsoft Visual Studio Solution File, Format Version 12.00
# Visual Studio 15
VisualStudioVersion = 15.0.28307.645
MinimumVisualStudioVersion = 10.0.40219.1
Project("{FAE04EC0-301F-11D3-BF4B-00C04F79EFBC}") = "Facultad", "Facultad\Facultad.csproj", "{D42A4A85-53F2-4AE7-B7C5-1754B22DB6E8}"
EndProject
Project("{FAE04EC0-301F-11D3-BF4B-00C04F79EFBC}") = "EntidadesAbstractas", "Entidades abstractas\EntidadesAbstractas.csproj", "{CABF3905-D8EA-416C-92E4-BD0678113EEB}"
EndProject
Project("{FAE04EC0-301F-11D3-BF4B-00C04F79EFBC}") = "Excepciones", "Excepciones\Excepciones.csproj", "{5E612E9B-C67A-4CBE-B8DF-229A243563B6}"
EndProject
Project("{FAE04EC0-301F-11D3-BF4B-00C04F79EFBC}") = "EntidadesInstanciables", "Entidades instanciables\EntidadesInstanciables.csproj", "{0C5BD158-57DD-4ACA-92CC-EF0511CD775B}"
EndProject
Global
	GlobalSection(SolutionConfigurationPlatforms) = preSolution
		Debug|Any CPU = Debug|Any CPU
		Release|Any CPU = Release|Any CPU
	EndGlobalSection
	GlobalSection(ProjectConfigurationPlatforms) = postSolution
		{D42A4A85-53F2-4AE7-B7C5-1754B22DB6E8}.Debug|Any CPU.ActiveCfg = Debug|Any CPU
		{D42A4A85-53F2-4AE7-B7C5-1754B22DB6E8}.Debug|Any CPU.Build.0 = Debug|Any CPU
		{D42A4A85-53F2-4AE7-B7C5-1754B22DB6E8}.Release|Any CPU.ActiveCfg = Release|Any CPU
		{D42A4A85-53F2-4AE7-B7C5-1754B22DB6E8}.Release|Any CPU.Build.0 = Release|Any CPU
		{CABF3905-D8EA-416C-92E4-BD0678113EEB}.Debug|Any CPU.ActiveCfg = Debug|Any CPU
		{CABF3905-D8EA-416C-92E4-BD0678113EEB}.Debug|Any CPU.Build.0 = Debug|Any CPU
		{CABF3905-D8EA-416C-92E4-BD0678113EEB}.Release|Any CPU.ActiveCfg = Release|Any CPU
		{CABF3905-D8EA-416C-92E4-BD0678113EEB}.Release|Any CPU.Build.0 = Release|Any CPU
		{5E612E9B-C67A-4CBE-B8DF-229A243563B6}.Debug|Any CPU.ActiveCfg = Debug|Any CPU
		{5E612E9B-C67A-4CBE-B8DF-229A243563B6}.Debug|Any CPU.Build.0 = Debug|Any CPU
		{5E612E9B-C67A-4CBE-B8DF-229A243563B6}.Release|Any CPU.ActiveCfg = Release|Any CPU
		{5E612E9B-C67A-4CBE-B8DF-229A243563B6}.Release|Any CPU.Build.0 = Release|Any CPU
		{0C5BD158-57DD-4ACA-92CC-EF0511CD775B}.Debug|Any CPU.ActiveCfg = Debug|Any CPU
		{0C5BD158-57DD-4ACA-92CC-EF0511CD775B}.Debug|Any CPU.Build.0 = Debug|Any CPU
		{0C5BD158-57DD-4ACA-92CC-EF0511CD775B}.Release|Any CPU.ActiveCfg = Release|Any CPU
		{0C5BD158-57DD-4ACA-92CC-EF0511CD775B}.Release|Any CPU.Build.0 = Release|Any CPU
	EndGlobalSection
	GlobalSection(SolutionProperties) = preSolution
		HideSolutionNode = FALSE
	EndGlobalSection
	GlobalSection(ExtensibilityGlobals) = postSolution
		SolutionGuid = {74509BF4-9BD8-430A-9A0A-7E653B30B6F5}
	EndGlobalSection
EndGlobal
