
Microsoft Visual Studio Solution File, Format Version 12.00
# Visual Studio 15
VisualStudioVersion = 15.0.27703.2047
MinimumVisualStudioVersion = 10.0.40219.1
Project("{FAE04EC0-301F-11D3-BF4B-00C04F79EFBC}") = "Entidades", "Entidades\Entidades.csproj", "{3FC920B2-80D4-4297-B17D-6D46CA8C9E7D}"
EndProject
Project("{FAE04EC0-301F-11D3-BF4B-00C04F79EFBC}") = "TestDatos", "TestDatos\TestDatos.csproj", "{22265F1C-AD42-4634-9B07-36F7EEC248A3}"
EndProject
Global
	GlobalSection(SolutionConfigurationPlatforms) = preSolution
		Debug|Any CPU = Debug|Any CPU
		Release|Any CPU = Release|Any CPU
	EndGlobalSection
	GlobalSection(ProjectConfigurationPlatforms) = postSolution
		{3FC920B2-80D4-4297-B17D-6D46CA8C9E7D}.Debug|Any CPU.ActiveCfg = Debug|Any CPU
		{3FC920B2-80D4-4297-B17D-6D46CA8C9E7D}.Debug|Any CPU.Build.0 = Debug|Any CPU
		{3FC920B2-80D4-4297-B17D-6D46CA8C9E7D}.Release|Any CPU.ActiveCfg = Release|Any CPU
		{3FC920B2-80D4-4297-B17D-6D46CA8C9E7D}.Release|Any CPU.Build.0 = Release|Any CPU
		{22265F1C-AD42-4634-9B07-36F7EEC248A3}.Debug|Any CPU.ActiveCfg = Debug|Any CPU
		{22265F1C-AD42-4634-9B07-36F7EEC248A3}.Debug|Any CPU.Build.0 = Debug|Any CPU
		{22265F1C-AD42-4634-9B07-36F7EEC248A3}.Release|Any CPU.ActiveCfg = Release|Any CPU
		{22265F1C-AD42-4634-9B07-36F7EEC248A3}.Release|Any CPU.Build.0 = Release|Any CPU
	EndGlobalSection
	GlobalSection(SolutionProperties) = preSolution
		HideSolutionNode = FALSE
	EndGlobalSection
	GlobalSection(ExtensibilityGlobals) = postSolution
		SolutionGuid = {57E08DE5-20C9-4C9B-94DE-F3154ED28B9D}
	EndGlobalSection
EndGlobal
