
Microsoft Visual Studio Solution File, Format Version 12.00
# Visual Studio Version 16
VisualStudioVersion = 16.0.30011.22
MinimumVisualStudioVersion = 10.0.40219.1
Project("{FAE04EC0-301F-11D3-BF4B-00C04F79EFBC}") = "Clase 41", "Clase 41\Clase 41.csproj", "{8F3D6A8C-4D8E-47F9-867A-C58B6B395D37}"
EndProject
Project("{FAE04EC0-301F-11D3-BF4B-00C04F79EFBC}") = "Ejercicio 41", "Ejercicio 41\Ejercicio 41.csproj", "{B6B6510D-FC92-4515-82B2-90DAEF455187}"
EndProject
Global
	GlobalSection(SolutionConfigurationPlatforms) = preSolution
		Debug|Any CPU = Debug|Any CPU
		Release|Any CPU = Release|Any CPU
	EndGlobalSection
	GlobalSection(ProjectConfigurationPlatforms) = postSolution
		{8F3D6A8C-4D8E-47F9-867A-C58B6B395D37}.Debug|Any CPU.ActiveCfg = Debug|Any CPU
		{8F3D6A8C-4D8E-47F9-867A-C58B6B395D37}.Debug|Any CPU.Build.0 = Debug|Any CPU
		{8F3D6A8C-4D8E-47F9-867A-C58B6B395D37}.Release|Any CPU.ActiveCfg = Release|Any CPU
		{8F3D6A8C-4D8E-47F9-867A-C58B6B395D37}.Release|Any CPU.Build.0 = Release|Any CPU
		{B6B6510D-FC92-4515-82B2-90DAEF455187}.Debug|Any CPU.ActiveCfg = Debug|Any CPU
		{B6B6510D-FC92-4515-82B2-90DAEF455187}.Debug|Any CPU.Build.0 = Debug|Any CPU
		{B6B6510D-FC92-4515-82B2-90DAEF455187}.Release|Any CPU.ActiveCfg = Release|Any CPU
		{B6B6510D-FC92-4515-82B2-90DAEF455187}.Release|Any CPU.Build.0 = Release|Any CPU
	EndGlobalSection
	GlobalSection(SolutionProperties) = preSolution
		HideSolutionNode = FALSE
	EndGlobalSection
	GlobalSection(ExtensibilityGlobals) = postSolution
		SolutionGuid = {4782851C-FB9D-43C7-8ECF-8EE6F29642FF}
	EndGlobalSection
EndGlobal
