
Microsoft Visual Studio Solution File, Format Version 12.00
# Visual Studio 15
VisualStudioVersion = 15.0.28307.852
MinimumVisualStudioVersion = 10.0.40219.1
Project("{FAE04EC0-301F-11D3-BF4B-00C04F79EFBC}") = "Clase 37", "Clase 37\Clase 37.csproj", "{B06A1AF4-D759-4A64-A897-F6CC26B1E45D}"
EndProject
Project("{FAE04EC0-301F-11D3-BF4B-00C04F79EFBC}") = "CentralitaWindowsForms", "CentralitaWindowsForms\CentralitaWindowsForms.csproj", "{9C127181-9D8C-4D0A-8A53-C66D8C0F8480}"
EndProject
Project("{FAE04EC0-301F-11D3-BF4B-00C04F79EFBC}") = "CentralitaConsola", "CentralitaConsola\CentralitaConsola.csproj", "{8D738334-0142-4EB4-B62E-C67533E42B2C}"
EndProject
Project("{FAE04EC0-301F-11D3-BF4B-00C04F79EFBC}") = "CentralitaException", "..\..\J.Excepciones\Excepciones\CentralitaException\CentralitaException.csproj", "{8F3D6A8C-4D8E-47F9-867A-C58B6B395D37}"
EndProject
Global
	GlobalSection(SolutionConfigurationPlatforms) = preSolution
		Debug|Any CPU = Debug|Any CPU
		Release|Any CPU = Release|Any CPU
	EndGlobalSection
	GlobalSection(ProjectConfigurationPlatforms) = postSolution
		{B06A1AF4-D759-4A64-A897-F6CC26B1E45D}.Debug|Any CPU.ActiveCfg = Debug|Any CPU
		{B06A1AF4-D759-4A64-A897-F6CC26B1E45D}.Debug|Any CPU.Build.0 = Debug|Any CPU
		{B06A1AF4-D759-4A64-A897-F6CC26B1E45D}.Release|Any CPU.ActiveCfg = Release|Any CPU
		{B06A1AF4-D759-4A64-A897-F6CC26B1E45D}.Release|Any CPU.Build.0 = Release|Any CPU
		{9C127181-9D8C-4D0A-8A53-C66D8C0F8480}.Debug|Any CPU.ActiveCfg = Debug|Any CPU
		{9C127181-9D8C-4D0A-8A53-C66D8C0F8480}.Debug|Any CPU.Build.0 = Debug|Any CPU
		{9C127181-9D8C-4D0A-8A53-C66D8C0F8480}.Release|Any CPU.ActiveCfg = Release|Any CPU
		{9C127181-9D8C-4D0A-8A53-C66D8C0F8480}.Release|Any CPU.Build.0 = Release|Any CPU
		{8D738334-0142-4EB4-B62E-C67533E42B2C}.Debug|Any CPU.ActiveCfg = Debug|Any CPU
		{8D738334-0142-4EB4-B62E-C67533E42B2C}.Debug|Any CPU.Build.0 = Debug|Any CPU
		{8D738334-0142-4EB4-B62E-C67533E42B2C}.Release|Any CPU.ActiveCfg = Release|Any CPU
		{8D738334-0142-4EB4-B62E-C67533E42B2C}.Release|Any CPU.Build.0 = Release|Any CPU
		{8F3D6A8C-4D8E-47F9-867A-C58B6B395D37}.Debug|Any CPU.ActiveCfg = Debug|Any CPU
		{8F3D6A8C-4D8E-47F9-867A-C58B6B395D37}.Debug|Any CPU.Build.0 = Debug|Any CPU
		{8F3D6A8C-4D8E-47F9-867A-C58B6B395D37}.Release|Any CPU.ActiveCfg = Release|Any CPU
		{8F3D6A8C-4D8E-47F9-867A-C58B6B395D37}.Release|Any CPU.Build.0 = Release|Any CPU
	EndGlobalSection
	GlobalSection(SolutionProperties) = preSolution
		HideSolutionNode = FALSE
	EndGlobalSection
	GlobalSection(ExtensibilityGlobals) = postSolution
		SolutionGuid = {2C18EB24-F2B8-4977-AB5E-FC8FFEC66F88}
	EndGlobalSection
EndGlobal
