
Microsoft Visual Studio Solution File, Format Version 12.00
# Visual Studio 15
VisualStudioVersion = 15.0.28307.489
MinimumVisualStudioVersion = 10.0.40219.1
Project("{FAE04EC0-301F-11D3-BF4B-00C04F79EFBC}") = "Clase_09", "Clase_09\Clase_09.csproj", "{B46AD9A3-72EA-4F28-B0B1-2E236B9171BF}"
EndProject
Project("{FAE04EC0-301F-11D3-BF4B-00C04F79EFBC}") = "Clase_09_test", "Clase_09_test\Clase_09_test.csproj", "{6F09078F-D479-4757-8BC6-7C51A78DEBEA}"
EndProject
Global
	GlobalSection(SolutionConfigurationPlatforms) = preSolution
		Debug|Any CPU = Debug|Any CPU
		Release|Any CPU = Release|Any CPU
	EndGlobalSection
	GlobalSection(ProjectConfigurationPlatforms) = postSolution
		{B46AD9A3-72EA-4F28-B0B1-2E236B9171BF}.Debug|Any CPU.ActiveCfg = Debug|Any CPU
		{B46AD9A3-72EA-4F28-B0B1-2E236B9171BF}.Debug|Any CPU.Build.0 = Debug|Any CPU
		{B46AD9A3-72EA-4F28-B0B1-2E236B9171BF}.Release|Any CPU.ActiveCfg = Release|Any CPU
		{B46AD9A3-72EA-4F28-B0B1-2E236B9171BF}.Release|Any CPU.Build.0 = Release|Any CPU
		{6F09078F-D479-4757-8BC6-7C51A78DEBEA}.Debug|Any CPU.ActiveCfg = Debug|Any CPU
		{6F09078F-D479-4757-8BC6-7C51A78DEBEA}.Debug|Any CPU.Build.0 = Debug|Any CPU
		{6F09078F-D479-4757-8BC6-7C51A78DEBEA}.Release|Any CPU.ActiveCfg = Release|Any CPU
		{6F09078F-D479-4757-8BC6-7C51A78DEBEA}.Release|Any CPU.Build.0 = Release|Any CPU
	EndGlobalSection
	GlobalSection(SolutionProperties) = preSolution
		HideSolutionNode = FALSE
	EndGlobalSection
	GlobalSection(ExtensibilityGlobals) = postSolution
		SolutionGuid = {E9BFAEE8-520A-4D57-8EE0-C1E31757739B}
	EndGlobalSection
EndGlobal
