
Microsoft Visual Studio Solution File, Format Version 12.00
# Visual Studio 15
VisualStudioVersion = 15.0.28307.645
MinimumVisualStudioVersion = 10.0.40219.1
Project("{FAE04EC0-301F-11D3-BF4B-00C04F79EFBC}") = "Test", "Test\Test.csproj", "{84AEEEB4-7676-42A3-A35D-9CB69A6A5387}"
EndProject
Project("{FAE04EC0-301F-11D3-BF4B-00C04F79EFBC}") = "Entidades", "Entidades\Entidades.csproj", "{04F5AE97-0621-4B23-9230-E61EDD533EF7}"
EndProject
Global
	GlobalSection(SolutionConfigurationPlatforms) = preSolution
		Debug|Any CPU = Debug|Any CPU
		Release|Any CPU = Release|Any CPU
	EndGlobalSection
	GlobalSection(ProjectConfigurationPlatforms) = postSolution
		{84AEEEB4-7676-42A3-A35D-9CB69A6A5387}.Debug|Any CPU.ActiveCfg = Debug|Any CPU
		{84AEEEB4-7676-42A3-A35D-9CB69A6A5387}.Debug|Any CPU.Build.0 = Debug|Any CPU
		{84AEEEB4-7676-42A3-A35D-9CB69A6A5387}.Release|Any CPU.ActiveCfg = Release|Any CPU
		{84AEEEB4-7676-42A3-A35D-9CB69A6A5387}.Release|Any CPU.Build.0 = Release|Any CPU
		{04F5AE97-0621-4B23-9230-E61EDD533EF7}.Debug|Any CPU.ActiveCfg = Debug|Any CPU
		{04F5AE97-0621-4B23-9230-E61EDD533EF7}.Debug|Any CPU.Build.0 = Debug|Any CPU
		{04F5AE97-0621-4B23-9230-E61EDD533EF7}.Release|Any CPU.ActiveCfg = Release|Any CPU
		{04F5AE97-0621-4B23-9230-E61EDD533EF7}.Release|Any CPU.Build.0 = Release|Any CPU
	EndGlobalSection
	GlobalSection(SolutionProperties) = preSolution
		HideSolutionNode = FALSE
	EndGlobalSection
	GlobalSection(ExtensibilityGlobals) = postSolution
		SolutionGuid = {81F4DE28-9418-4F5C-830A-4DF8B3A14683}
	EndGlobalSection
EndGlobal
