
Microsoft Visual Studio Solution File, Format Version 12.00
# Visual Studio Version 16
VisualStudioVersion = 16.0.30002.166
MinimumVisualStudioVersion = 10.0.40219.1
Project("{FAE04EC0-301F-11D3-BF4B-00C04F79EFBC}") = "Ejercicio 17", "Ejercicio 17\Ejercicio 17.csproj", "{BE127AE9-C841-4209-BCB3-C645F6490336}"
EndProject
Project("{FAE04EC0-301F-11D3-BF4B-00C04F79EFBC}") = "Ejercicio 16", "Ejercicio 16\Ejercicio 16.csproj", "{64A6B8A0-E744-4671-ABD0-FE42EB5B573A}"
EndProject
Project("{FAE04EC0-301F-11D3-BF4B-00C04F79EFBC}") = "Ejercicio 18", "Ejercicio 18\Ejercicio 18.csproj", "{A80CB2B9-5BE6-47E5-A061-54D692284347}"
EndProject
Project("{FAE04EC0-301F-11D3-BF4B-00C04F79EFBC}") = "Clase 16", "Clase 16\Clase 16.csproj", "{4191ACE0-0AA2-4C00-9753-81C477B93C73}"
EndProject
Project("{FAE04EC0-301F-11D3-BF4B-00C04F79EFBC}") = "Clase 17", "Clase 17\Clase 17.csproj", "{8CA7B38B-FC61-46F3-A1BA-3F94FCD7E1EC}"
EndProject
Project("{FAE04EC0-301F-11D3-BF4B-00C04F79EFBC}") = "Clase 18", "Clase 18\Clase 18.csproj", "{BBF2C218-9087-4995-8E2C-E2013CD7091A}"
EndProject
Global
	GlobalSection(SolutionConfigurationPlatforms) = preSolution
		Debug|Any CPU = Debug|Any CPU
		Release|Any CPU = Release|Any CPU
	EndGlobalSection
	GlobalSection(ProjectConfigurationPlatforms) = postSolution
		{BE127AE9-C841-4209-BCB3-C645F6490336}.Debug|Any CPU.ActiveCfg = Debug|Any CPU
		{BE127AE9-C841-4209-BCB3-C645F6490336}.Debug|Any CPU.Build.0 = Debug|Any CPU
		{BE127AE9-C841-4209-BCB3-C645F6490336}.Release|Any CPU.ActiveCfg = Release|Any CPU
		{BE127AE9-C841-4209-BCB3-C645F6490336}.Release|Any CPU.Build.0 = Release|Any CPU
		{64A6B8A0-E744-4671-ABD0-FE42EB5B573A}.Debug|Any CPU.ActiveCfg = Debug|Any CPU
		{64A6B8A0-E744-4671-ABD0-FE42EB5B573A}.Debug|Any CPU.Build.0 = Debug|Any CPU
		{64A6B8A0-E744-4671-ABD0-FE42EB5B573A}.Release|Any CPU.ActiveCfg = Release|Any CPU
		{64A6B8A0-E744-4671-ABD0-FE42EB5B573A}.Release|Any CPU.Build.0 = Release|Any CPU
		{A80CB2B9-5BE6-47E5-A061-54D692284347}.Debug|Any CPU.ActiveCfg = Debug|Any CPU
		{A80CB2B9-5BE6-47E5-A061-54D692284347}.Debug|Any CPU.Build.0 = Debug|Any CPU
		{A80CB2B9-5BE6-47E5-A061-54D692284347}.Release|Any CPU.ActiveCfg = Release|Any CPU
		{A80CB2B9-5BE6-47E5-A061-54D692284347}.Release|Any CPU.Build.0 = Release|Any CPU
		{4191ACE0-0AA2-4C00-9753-81C477B93C73}.Debug|Any CPU.ActiveCfg = Debug|Any CPU
		{4191ACE0-0AA2-4C00-9753-81C477B93C73}.Debug|Any CPU.Build.0 = Debug|Any CPU
		{4191ACE0-0AA2-4C00-9753-81C477B93C73}.Release|Any CPU.ActiveCfg = Release|Any CPU
		{4191ACE0-0AA2-4C00-9753-81C477B93C73}.Release|Any CPU.Build.0 = Release|Any CPU
		{8CA7B38B-FC61-46F3-A1BA-3F94FCD7E1EC}.Debug|Any CPU.ActiveCfg = Debug|Any CPU
		{8CA7B38B-FC61-46F3-A1BA-3F94FCD7E1EC}.Debug|Any CPU.Build.0 = Debug|Any CPU
		{8CA7B38B-FC61-46F3-A1BA-3F94FCD7E1EC}.Release|Any CPU.ActiveCfg = Release|Any CPU
		{8CA7B38B-FC61-46F3-A1BA-3F94FCD7E1EC}.Release|Any CPU.Build.0 = Release|Any CPU
		{BBF2C218-9087-4995-8E2C-E2013CD7091A}.Debug|Any CPU.ActiveCfg = Debug|Any CPU
		{BBF2C218-9087-4995-8E2C-E2013CD7091A}.Debug|Any CPU.Build.0 = Debug|Any CPU
		{BBF2C218-9087-4995-8E2C-E2013CD7091A}.Release|Any CPU.ActiveCfg = Release|Any CPU
		{BBF2C218-9087-4995-8E2C-E2013CD7091A}.Release|Any CPU.Build.0 = Release|Any CPU
	EndGlobalSection
	GlobalSection(SolutionProperties) = preSolution
		HideSolutionNode = FALSE
	EndGlobalSection
	GlobalSection(ExtensibilityGlobals) = postSolution
		SolutionGuid = {A581B562-5E23-4241-B2C7-7A56AD282854}
	EndGlobalSection
EndGlobal
