
Microsoft Visual Studio Solution File, Format Version 12.00
# Visual Studio Version 16
VisualStudioVersion = 16.0.30002.166
MinimumVisualStudioVersion = 10.0.40219.1
Project("{FAE04EC0-301F-11D3-BF4B-00C04F79EFBC}") = "Entidades", "Entidades\Entidades.csproj", "{7B0CB4EB-4416-4D8B-BF3F-C307C0E2F645}"
EndProject
Project("{FAE04EC0-301F-11D3-BF4B-00C04F79EFBC}") = "Venta", "Venta\Venta.csproj", "{CE3E277F-110B-4B70-97FF-174200E6CE66}"
EndProject
Global
	GlobalSection(SolutionConfigurationPlatforms) = preSolution
		Debug|Any CPU = Debug|Any CPU
		Release|Any CPU = Release|Any CPU
	EndGlobalSection
	GlobalSection(ProjectConfigurationPlatforms) = postSolution
		{7B0CB4EB-4416-4D8B-BF3F-C307C0E2F645}.Debug|Any CPU.ActiveCfg = Debug|Any CPU
		{7B0CB4EB-4416-4D8B-BF3F-C307C0E2F645}.Debug|Any CPU.Build.0 = Debug|Any CPU
		{7B0CB4EB-4416-4D8B-BF3F-C307C0E2F645}.Release|Any CPU.ActiveCfg = Release|Any CPU
		{7B0CB4EB-4416-4D8B-BF3F-C307C0E2F645}.Release|Any CPU.Build.0 = Release|Any CPU
		{CE3E277F-110B-4B70-97FF-174200E6CE66}.Debug|Any CPU.ActiveCfg = Debug|Any CPU
		{CE3E277F-110B-4B70-97FF-174200E6CE66}.Debug|Any CPU.Build.0 = Debug|Any CPU
		{CE3E277F-110B-4B70-97FF-174200E6CE66}.Release|Any CPU.ActiveCfg = Release|Any CPU
		{CE3E277F-110B-4B70-97FF-174200E6CE66}.Release|Any CPU.Build.0 = Release|Any CPU
	EndGlobalSection
	GlobalSection(SolutionProperties) = preSolution
		HideSolutionNode = FALSE
	EndGlobalSection
	GlobalSection(ExtensibilityGlobals) = postSolution
		SolutionGuid = {F3F30FB2-CE3E-47E2-AFFA-A4299AFB2C37}
	EndGlobalSection
EndGlobal
