
Microsoft Visual Studio Solution File, Format Version 12.00
# Visual Studio 15
VisualStudioVersion = 15.0.28307.852
MinimumVisualStudioVersion = 10.0.40219.1
Project("{FAE04EC0-301F-11D3-BF4B-00C04F79EFBC}") = "Jugadores", "Jugadores\Jugadores.csproj", "{D904416E-930B-4E3F-A270-320C84613368}"
EndProject
Project("{FAE04EC0-301F-11D3-BF4B-00C04F79EFBC}") = "Entidades", "Entidades\Entidades.csproj", "{B86B6076-131A-4E13-A819-908B789C9763}"
EndProject
Global
	GlobalSection(SolutionConfigurationPlatforms) = preSolution
		Debug|Any CPU = Debug|Any CPU
		Release|Any CPU = Release|Any CPU
	EndGlobalSection
	GlobalSection(ProjectConfigurationPlatforms) = postSolution
		{D904416E-930B-4E3F-A270-320C84613368}.Debug|Any CPU.ActiveCfg = Debug|Any CPU
		{D904416E-930B-4E3F-A270-320C84613368}.Debug|Any CPU.Build.0 = Debug|Any CPU
		{D904416E-930B-4E3F-A270-320C84613368}.Release|Any CPU.ActiveCfg = Release|Any CPU
		{D904416E-930B-4E3F-A270-320C84613368}.Release|Any CPU.Build.0 = Release|Any CPU
		{B86B6076-131A-4E13-A819-908B789C9763}.Debug|Any CPU.ActiveCfg = Debug|Any CPU
		{B86B6076-131A-4E13-A819-908B789C9763}.Debug|Any CPU.Build.0 = Debug|Any CPU
		{B86B6076-131A-4E13-A819-908B789C9763}.Release|Any CPU.ActiveCfg = Release|Any CPU
		{B86B6076-131A-4E13-A819-908B789C9763}.Release|Any CPU.Build.0 = Release|Any CPU
	EndGlobalSection
	GlobalSection(SolutionProperties) = preSolution
		HideSolutionNode = FALSE
	EndGlobalSection
	GlobalSection(ExtensibilityGlobals) = postSolution
		SolutionGuid = {4496CE5B-9F34-49A7-BB48-7664DDD68DE7}
	EndGlobalSection
EndGlobal
