
Microsoft Visual Studio Solution File, Format Version 12.00
# Visual Studio Version 16
VisualStudioVersion = 16.0.30011.22
MinimumVisualStudioVersion = 10.0.40219.1
Project("{FAE04EC0-301F-11D3-BF4B-00C04F79EFBC}") = "Ejercicio 38", "Ejercicio 38\Ejercicio 38.csproj", "{7D2E3CAE-74F1-42DB-93DA-48E6E36CF776}"
EndProject
Project("{FAE04EC0-301F-11D3-BF4B-00C04F79EFBC}") = "Clase 39", "Clase 39\Clase 39.csproj", "{017764F9-5123-4982-A353-3713393DB46F}"
EndProject
Project("{FAE04EC0-301F-11D3-BF4B-00C04F79EFBC}") = "Clase 40", "Clase 40\Clase 40.csproj", "{AB7160C3-F752-4525-824F-4EDFD7BDA011}"
EndProject
Project("{FAE04EC0-301F-11D3-BF4B-00C04F79EFBC}") = "Ejercicio 40.Consola", "Ejercicio 40.Consola\Ejercicio 40.Consola.csproj", "{A1958F4E-7BF7-42B9-88EF-3545E8F78BE2}"
EndProject
Project("{FAE04EC0-301F-11D3-BF4B-00C04F79EFBC}") = "Ejercicio 40.Formulario", "Ejercicio 40.Formulario\Ejercicio 40.Formulario.csproj", "{EA7DF038-CA2B-4951-8DB9-5B448E83560E}"
EndProject
Global
	GlobalSection(SolutionConfigurationPlatforms) = preSolution
		Debug|Any CPU = Debug|Any CPU
		Release|Any CPU = Release|Any CPU
	EndGlobalSection
	GlobalSection(ProjectConfigurationPlatforms) = postSolution
		{7D2E3CAE-74F1-42DB-93DA-48E6E36CF776}.Debug|Any CPU.ActiveCfg = Debug|Any CPU
		{7D2E3CAE-74F1-42DB-93DA-48E6E36CF776}.Debug|Any CPU.Build.0 = Debug|Any CPU
		{7D2E3CAE-74F1-42DB-93DA-48E6E36CF776}.Release|Any CPU.ActiveCfg = Release|Any CPU
		{7D2E3CAE-74F1-42DB-93DA-48E6E36CF776}.Release|Any CPU.Build.0 = Release|Any CPU
		{017764F9-5123-4982-A353-3713393DB46F}.Debug|Any CPU.ActiveCfg = Debug|Any CPU
		{017764F9-5123-4982-A353-3713393DB46F}.Debug|Any CPU.Build.0 = Debug|Any CPU
		{017764F9-5123-4982-A353-3713393DB46F}.Release|Any CPU.ActiveCfg = Release|Any CPU
		{017764F9-5123-4982-A353-3713393DB46F}.Release|Any CPU.Build.0 = Release|Any CPU
		{AB7160C3-F752-4525-824F-4EDFD7BDA011}.Debug|Any CPU.ActiveCfg = Debug|Any CPU
		{AB7160C3-F752-4525-824F-4EDFD7BDA011}.Debug|Any CPU.Build.0 = Debug|Any CPU
		{AB7160C3-F752-4525-824F-4EDFD7BDA011}.Release|Any CPU.ActiveCfg = Release|Any CPU
		{AB7160C3-F752-4525-824F-4EDFD7BDA011}.Release|Any CPU.Build.0 = Release|Any CPU
		{A1958F4E-7BF7-42B9-88EF-3545E8F78BE2}.Debug|Any CPU.ActiveCfg = Debug|Any CPU
		{A1958F4E-7BF7-42B9-88EF-3545E8F78BE2}.Debug|Any CPU.Build.0 = Debug|Any CPU
		{A1958F4E-7BF7-42B9-88EF-3545E8F78BE2}.Release|Any CPU.ActiveCfg = Release|Any CPU
		{A1958F4E-7BF7-42B9-88EF-3545E8F78BE2}.Release|Any CPU.Build.0 = Release|Any CPU
		{EA7DF038-CA2B-4951-8DB9-5B448E83560E}.Debug|Any CPU.ActiveCfg = Debug|Any CPU
		{EA7DF038-CA2B-4951-8DB9-5B448E83560E}.Debug|Any CPU.Build.0 = Debug|Any CPU
		{EA7DF038-CA2B-4951-8DB9-5B448E83560E}.Release|Any CPU.ActiveCfg = Release|Any CPU
		{EA7DF038-CA2B-4951-8DB9-5B448E83560E}.Release|Any CPU.Build.0 = Release|Any CPU
	EndGlobalSection
	GlobalSection(SolutionProperties) = preSolution
		HideSolutionNode = FALSE
	EndGlobalSection
	GlobalSection(ExtensibilityGlobals) = postSolution
		SolutionGuid = {DBE35248-27DD-4B6F-8C15-983AF09847EB}
	EndGlobalSection
EndGlobal
